// !$*UTF8*$!
{
	archiveVersion = 1;
	classes = {
	};
	objectVersion = 46;
	objects = {

/* Begin PBXBuildFile section */
		894983AB1C6D7DEE002BD9DF /* TutorialViewController.swift in Sources */ = {isa = PBXBuildFile; fileRef = 894983AA1C6D7DEE002BD9DF /* TutorialViewController.swift */; };
		894983AD1C6D804B002BD9DF /* FeedViewController.swift in Sources */ = {isa = PBXBuildFile; fileRef = 894983AC1C6D804B002BD9DF /* FeedViewController.swift */; };
		894983AF1C6D8419002BD9DF /* ConversationViewController.swift in Sources */ = {isa = PBXBuildFile; fileRef = 894983AE1C6D8419002BD9DF /* ConversationViewController.swift */; };
		894983B11C6D850A002BD9DF /* SettingsViewController.swift in Sources */ = {isa = PBXBuildFile; fileRef = 894983B01C6D850A002BD9DF /* SettingsViewController.swift */; };
		89DEA73D1C6A8B1800EF8A9B /* AppDelegate.swift in Sources */ = {isa = PBXBuildFile; fileRef = 89DEA73C1C6A8B1800EF8A9B /* AppDelegate.swift */; };
		89DEA73F1C6A8B1800EF8A9B /* ViewController.swift in Sources */ = {isa = PBXBuildFile; fileRef = 89DEA73E1C6A8B1800EF8A9B /* ViewController.swift */; };
		89DEA7421C6A8B1800EF8A9B /* Main.storyboard in Resources */ = {isa = PBXBuildFile; fileRef = 89DEA7401C6A8B1800EF8A9B /* Main.storyboard */; };
		89DEA7441C6A8B1800EF8A9B /* Assets.xcassets in Resources */ = {isa = PBXBuildFile; fileRef = 89DEA7431C6A8B1800EF8A9B /* Assets.xcassets */; };
		89DEA7471C6A8B1800EF8A9B /* LaunchScreen.storyboard in Resources */ = {isa = PBXBuildFile; fileRef = 89DEA7451C6A8B1800EF8A9B /* LaunchScreen.storyboard */; };
		89DEA7521C6A8B1800EF8A9B /* CarouselTests.swift in Sources */ = {isa = PBXBuildFile; fileRef = 89DEA7511C6A8B1800EF8A9B /* CarouselTests.swift */; };
		89DEA75D1C6A8B1800EF8A9B /* CarouselUITests.swift in Sources */ = {isa = PBXBuildFile; fileRef = 89DEA75C1C6A8B1800EF8A9B /* CarouselUITests.swift */; };
		89DEA76B1C6A9C3900EF8A9B /* Common.swift in Sources */ = {isa = PBXBuildFile; fileRef = 89DEA76A1C6A9C3900EF8A9B /* Common.swift */; };
		89DEA76D1C6A9D0300EF8A9B /* IntroViewController.swift in Sources */ = {isa = PBXBuildFile; fileRef = 89DEA76C1C6A9D0300EF8A9B /* IntroViewController.swift */; };
		89DEA76F1C6C197000EF8A9B /* LoginViewController.swift in Sources */ = {isa = PBXBuildFile; fileRef = 89DEA76E1C6C197000EF8A9B /* LoginViewController.swift */; };
/* End PBXBuildFile section */

/* Begin PBXContainerItemProxy section */
		89DEA74E1C6A8B1800EF8A9B /* PBXContainerItemProxy */ = {
			isa = PBXContainerItemProxy;
			containerPortal = 89DEA7311C6A8B1800EF8A9B /* Project object */;
			proxyType = 1;
			remoteGlobalIDString = 89DEA7381C6A8B1800EF8A9B;
			remoteInfo = Carousel;
		};
		89DEA7591C6A8B1800EF8A9B /* PBXContainerItemProxy */ = {
			isa = PBXContainerItemProxy;
			containerPortal = 89DEA7311C6A8B1800EF8A9B /* Project object */;
			proxyType = 1;
			remoteGlobalIDString = 89DEA7381C6A8B1800EF8A9B;
			remoteInfo = Carousel;
		};
/* End PBXContainerItemProxy section */

/* Begin PBXFileReference section */
		894983AA1C6D7DEE002BD9DF /* TutorialViewController.swift */ = {isa = PBXFileReference; fileEncoding = 4; lastKnownFileType = sourcecode.swift; path = TutorialViewController.swift; sourceTree = "<group>"; };
		894983AC1C6D804B002BD9DF /* FeedViewController.swift */ = {isa = PBXFileReference; fileEncoding = 4; lastKnownFileType = sourcecode.swift; path = FeedViewController.swift; sourceTree = "<group>"; };
		894983AE1C6D8419002BD9DF /* ConversationViewController.swift */ = {isa = PBXFileReference; fileEncoding = 4; lastKnownFileType = sourcecode.swift; path = ConversationViewController.swift; sourceTree = "<group>"; };
		894983B01C6D850A002BD9DF /* SettingsViewController.swift */ = {isa = PBXFileReference; fileEncoding = 4; lastKnownFileType = sourcecode.swift; path = SettingsViewController.swift; sourceTree = "<group>"; };
		89DEA7391C6A8B1800EF8A9B /* Carousel.app */ = {isa = PBXFileReference; explicitFileType = wrapper.application; includeInIndex = 0; path = Carousel.app; sourceTree = BUILT_PRODUCTS_DIR; };
		89DEA73C1C6A8B1800EF8A9B /* AppDelegate.swift */ = {isa = PBXFileReference; lastKnownFileType = sourcecode.swift; path = AppDelegate.swift; sourceTree = "<group>"; };
		89DEA73E1C6A8B1800EF8A9B /* ViewController.swift */ = {isa = PBXFileReference; lastKnownFileType = sourcecode.swift; path = ViewController.swift; sourceTree = "<group>"; };
		89DEA7411C6A8B1800EF8A9B /* Base */ = {isa = PBXFileReference; lastKnownFileType = file.storyboard; name = Base; path = Base.lproj/Main.storyboard; sourceTree = "<group>"; };
		89DEA7431C6A8B1800EF8A9B /* Assets.xcassets */ = {isa = PBXFileReference; lastKnownFileType = folder.assetcatalog; path = Assets.xcassets; sourceTree = "<group>"; };
		89DEA7461C6A8B1800EF8A9B /* Base */ = {isa = PBXFileReference; lastKnownFileType = file.storyboard; name = Base; path = Base.lproj/LaunchScreen.storyboard; sourceTree = "<group>"; };
		89DEA7481C6A8B1800EF8A9B /* Info.plist */ = {isa = PBXFileReference; lastKnownFileType = text.plist.xml; path = Info.plist; sourceTree = "<group>"; };
		89DEA74D1C6A8B1800EF8A9B /* CarouselTests.xctest */ = {isa = PBXFileReference; explicitFileType = wrapper.cfbundle; includeInIndex = 0; path = CarouselTests.xctest; sourceTree = BUILT_PRODUCTS_DIR; };
		89DEA7511C6A8B1800EF8A9B /* CarouselTests.swift */ = {isa = PBXFileReference; lastKnownFileType = sourcecode.swift; path = CarouselTests.swift; sourceTree = "<group>"; };
		89DEA7531C6A8B1800EF8A9B /* Info.plist */ = {isa = PBXFileReference; lastKnownFileType = text.plist.xml; path = Info.plist; sourceTree = "<group>"; };
		89DEA7581C6A8B1800EF8A9B /* CarouselUITests.xctest */ = {isa = PBXFileReference; explicitFileType = wrapper.cfbundle; includeInIndex = 0; path = CarouselUITests.xctest; sourceTree = BUILT_PRODUCTS_DIR; };
		89DEA75C1C6A8B1800EF8A9B /* CarouselUITests.swift */ = {isa = PBXFileReference; lastKnownFileType = sourcecode.swift; path = CarouselUITests.swift; sourceTree = "<group>"; };
		89DEA75E1C6A8B1800EF8A9B /* Info.plist */ = {isa = PBXFileReference; lastKnownFileType = text.plist.xml; path = Info.plist; sourceTree = "<group>"; };
		89DEA76A1C6A9C3900EF8A9B /* Common.swift */ = {isa = PBXFileReference; fileEncoding = 4; lastKnownFileType = sourcecode.swift; path = Common.swift; sourceTree = "<group>"; };
		89DEA76C1C6A9D0300EF8A9B /* IntroViewController.swift */ = {isa = PBXFileReference; fileEncoding = 4; lastKnownFileType = sourcecode.swift; path = IntroViewController.swift; sourceTree = "<group>"; };
		89DEA76E1C6C197000EF8A9B /* LoginViewController.swift */ = {isa = PBXFileReference; fileEncoding = 4; lastKnownFileType = sourcecode.swift; path = LoginViewController.swift; sourceTree = "<group>"; };
/* End PBXFileReference section */

/* Begin PBXFrameworksBuildPhase section */
		89DEA7361C6A8B1800EF8A9B /* Frameworks */ = {
			isa = PBXFrameworksBuildPhase;
			buildActionMask = 2147483647;
			files = (
			);
			runOnlyForDeploymentPostprocessing = 0;
		};
		89DEA74A1C6A8B1800EF8A9B /* Frameworks */ = {
			isa = PBXFrameworksBuildPhase;
			buildActionMask = 2147483647;
			files = (
			);
			runOnlyForDeploymentPostprocessing = 0;
		};
		89DEA7551C6A8B1800EF8A9B /* Frameworks */ = {
			isa = PBXFrameworksBuildPhase;
			buildActionMask = 2147483647;
			files = (
			);
			runOnlyForDeploymentPostprocessing = 0;
		};
/* End PBXFrameworksBuildPhase section */

/* Begin PBXGroup section */
		89DEA7301C6A8B1800EF8A9B = {
			isa = PBXGroup;
			children = (
				89DEA73B1C6A8B1800EF8A9B /* Carousel */,
				89DEA7501C6A8B1800EF8A9B /* CarouselTests */,
				89DEA75B1C6A8B1800EF8A9B /* CarouselUITests */,
				89DEA73A1C6A8B1800EF8A9B /* Products */,
			);
			sourceTree = "<group>";
		};
		89DEA73A1C6A8B1800EF8A9B /* Products */ = {
			isa = PBXGroup;
			children = (
				89DEA7391C6A8B1800EF8A9B /* Carousel.app */,
				89DEA74D1C6A8B1800EF8A9B /* CarouselTests.xctest */,
				89DEA7581C6A8B1800EF8A9B /* CarouselUITests.xctest */,
			);
			name = Products;
			sourceTree = "<group>";
		};
		89DEA73B1C6A8B1800EF8A9B /* Carousel */ = {
			isa = PBXGroup;
			children = (
				89DEA73C1C6A8B1800EF8A9B /* AppDelegate.swift */,
				89DEA73E1C6A8B1800EF8A9B /* ViewController.swift */,
				89DEA7401C6A8B1800EF8A9B /* Main.storyboard */,
				89DEA7431C6A8B1800EF8A9B /* Assets.xcassets */,
				89DEA7451C6A8B1800EF8A9B /* LaunchScreen.storyboard */,
				89DEA7481C6A8B1800EF8A9B /* Info.plist */,
				89DEA76A1C6A9C3900EF8A9B /* Common.swift */,
				89DEA76C1C6A9D0300EF8A9B /* IntroViewController.swift */,
				89DEA76E1C6C197000EF8A9B /* LoginViewController.swift */,
				894983AA1C6D7DEE002BD9DF /* TutorialViewController.swift */,
				894983AC1C6D804B002BD9DF /* FeedViewController.swift */,
				894983AE1C6D8419002BD9DF /* ConversationViewController.swift */,
				894983B01C6D850A002BD9DF /* SettingsViewController.swift */,
			);
			path = Carousel;
			sourceTree = "<group>";
		};
		89DEA7501C6A8B1800EF8A9B /* CarouselTests */ = {
			isa = PBXGroup;
			children = (
				89DEA7511C6A8B1800EF8A9B /* CarouselTests.swift */,
				89DEA7531C6A8B1800EF8A9B /* Info.plist */,
			);
			path = CarouselTests;
			sourceTree = "<group>";
		};
		89DEA75B1C6A8B1800EF8A9B /* CarouselUITests */ = {
			isa = PBXGroup;
			children = (
				89DEA75C1C6A8B1800EF8A9B /* CarouselUITests.swift */,
				89DEA75E1C6A8B1800EF8A9B /* Info.plist */,
			);
			path = CarouselUITests;
			sourceTree = "<group>";
		};
/* End PBXGroup section */

/* Begin PBXNativeTarget section */
		89DEA7381C6A8B1800EF8A9B /* Carousel */ = {
			isa = PBXNativeTarget;
			buildConfigurationList = 89DEA7611C6A8B1800EF8A9B /* Build configuration list for PBXNativeTarget "Carousel" */;
			buildPhases = (
				89DEA7351C6A8B1800EF8A9B /* Sources */,
				89DEA7361C6A8B1800EF8A9B /* Frameworks */,
				89DEA7371C6A8B1800EF8A9B /* Resources */,
			);
			buildRules = (
			);
			dependencies = (
			);
			name = Carousel;
			productName = Carousel;
			productReference = 89DEA7391C6A8B1800EF8A9B /* Carousel.app */;
			productType = "com.apple.product-type.application";
		};
		89DEA74C1C6A8B1800EF8A9B /* CarouselTests */ = {
			isa = PBXNativeTarget;
			buildConfigurationList = 89DEA7641C6A8B1800EF8A9B /* Build configuration list for PBXNativeTarget "CarouselTests" */;
			buildPhases = (
				89DEA7491C6A8B1800EF8A9B /* Sources */,
				89DEA74A1C6A8B1800EF8A9B /* Frameworks */,
				89DEA74B1C6A8B1800EF8A9B /* Resources */,
			);
			buildRules = (
			);
			dependencies = (
				89DEA74F1C6A8B1800EF8A9B /* PBXTargetDependency */,
			);
			name = CarouselTests;
			productName = CarouselTests;
			productReference = 89DEA74D1C6A8B1800EF8A9B /* CarouselTests.xctest */;
			productType = "com.apple.product-type.bundle.unit-test";
		};
		89DEA7571C6A8B1800EF8A9B /* CarouselUITests */ = {
			isa = PBXNativeTarget;
			buildConfigurationList = 89DEA7671C6A8B1800EF8A9B /* Build configuration list for PBXNativeTarget "CarouselUITests" */;
			buildPhases = (
				89DEA7541C6A8B1800EF8A9B /* Sources */,
				89DEA7551C6A8B1800EF8A9B /* Frameworks */,
				89DEA7561C6A8B1800EF8A9B /* Resources */,
			);
			buildRules = (
			);
			dependencies = (
				89DEA75A1C6A8B1800EF8A9B /* PBXTargetDependency */,
			);
			name = CarouselUITests;
			productName = CarouselUITests;
			productReference = 89DEA7581C6A8B1800EF8A9B /* CarouselUITests.xctest */;
			productType = "com.apple.product-type.bundle.ui-testing";
		};
/* End PBXNativeTarget section */

/* Begin PBXProject section */
		89DEA7311C6A8B1800EF8A9B /* Project object */ = {
			isa = PBXProject;
			attributes = {
				LastSwiftUpdateCheck = 0720;
				LastUpgradeCheck = 0720;
				ORGANIZATIONNAME = "Anjani Bhargava";
				TargetAttributes = {
					89DEA7381C6A8B1800EF8A9B = {
						CreatedOnToolsVersion = 7.2.1;
						DevelopmentTeam = ANE46ADBB6;
					};
					89DEA74C1C6A8B1800EF8A9B = {
						CreatedOnToolsVersion = 7.2.1;
						DevelopmentTeam = ANE46ADBB6;
						TestTargetID = 89DEA7381C6A8B1800EF8A9B;
					};
					89DEA7571C6A8B1800EF8A9B = {
						CreatedOnToolsVersion = 7.2.1;
						DevelopmentTeam = ANE46ADBB6;
						TestTargetID = 89DEA7381C6A8B1800EF8A9B;
					};
				};
			};
			buildConfigurationList = 89DEA7341C6A8B1800EF8A9B /* Build configuration list for PBXProject "Carousel" */;
			compatibilityVersion = "Xcode 3.2";
			developmentRegion = English;
			hasScannedForEncodings = 0;
			knownRegions = (
				en,
				Base,
			);
			mainGroup = 89DEA7301C6A8B1800EF8A9B;
			productRefGroup = 89DEA73A1C6A8B1800EF8A9B /* Products */;
			projectDirPath = "";
			projectRoot = "";
			targets = (
				89DEA7381C6A8B1800EF8A9B /* Carousel */,
				89DEA74C1C6A8B1800EF8A9B /* CarouselTests */,
				89DEA7571C6A8B1800EF8A9B /* CarouselUITests */,
			);
		};
/* End PBXProject section */

/* Begin PBXResourcesBuildPhase section */
		89DEA7371C6A8B1800EF8A9B /* Resources */ = {
			isa = PBXResourcesBuildPhase;
			buildActionMask = 2147483647;
			files = (
				89DEA7471C6A8B1800EF8A9B /* LaunchScreen.storyboard in Resources */,
				89DEA7441C6A8B1800EF8A9B /* Assets.xcassets in Resources */,
				89DEA7421C6A8B1800EF8A9B /* Main.storyboard in Resources */,
			);
			runOnlyForDeploymentPostprocessing = 0;
		};
		89DEA74B1C6A8B1800EF8A9B /* Resources */ = {
			isa = PBXResourcesBuildPhase;
			buildActionMask = 2147483647;
			files = (
			);
			runOnlyForDeploymentPostprocessing = 0;
		};
		89DEA7561C6A8B1800EF8A9B /* Resources */ = {
			isa = PBXResourcesBuildPhase;
			buildActionMask = 2147483647;
			files = (
			);
			runOnlyForDeploymentPostprocessing = 0;
		};
/* End PBXResourcesBuildPhase section */

/* Begin PBXSourcesBuildPhase section */
		89DEA7351C6A8B1800EF8A9B /* Sources */ = {
			isa = PBXSourcesBuildPhase;
			buildActionMask = 2147483647;
			files = (
				89DEA73F1C6A8B1800EF8A9B /* ViewController.swift in Sources */,
				89DEA76B1C6A9C3900EF8A9B /* Common.swift in Sources */,
				894983AF1C6D8419002BD9DF /* ConversationViewController.swift in Sources */,
				89DEA73D1C6A8B1800EF8A9B /* AppDelegate.swift in Sources */,
				89DEA76F1C6C197000EF8A9B /* LoginViewController.swift in Sources */,
				894983AB1C6D7DEE002BD9DF /* TutorialViewController.swift in Sources */,
				89DEA76D1C6A9D0300EF8A9B /* IntroViewController.swift in Sources */,
				894983AD1C6D804B002BD9DF /* FeedViewController.swift in Sources */,
				894983B11C6D850A002BD9DF /* SettingsViewController.swift in Sources */,
			);
			runOnlyForDeploymentPostprocessing = 0;
		};
		89DEA7491C6A8B1800EF8A9B /* Sources */ = {
			isa = PBXSourcesBuildPhase;
			buildActionMask = 2147483647;
			files = (
				89DEA7521C6A8B1800EF8A9B /* CarouselTests.swift in Sources */,
			);
			runOnlyForDeploymentPostprocessing = 0;
		};
		89DEA7541C6A8B1800EF8A9B /* Sources */ = {
			isa = PBXSourcesBuildPhase;
			buildActionMask = 2147483647;
			files = (
				89DEA75D1C6A8B1800EF8A9B /* CarouselUITests.swift in Sources */,
			);
			runOnlyForDeploymentPostprocessing = 0;
		};
/* End PBXSourcesBuildPhase section */

/* Begin PBXTargetDependency section */
		89DEA74F1C6A8B1800EF8A9B /* PBXTargetDependency */ = {
			isa = PBXTargetDependency;
			target = 89DEA7381C6A8B1800EF8A9B /* Carousel */;
			targetProxy = 89DEA74E1C6A8B1800EF8A9B /* PBXContainerItemProxy */;
		};
		89DEA75A1C6A8B1800EF8A9B /* PBXTargetDependency */ = {
			isa = PBXTargetDependency;
			target = 89DEA7381C6A8B1800EF8A9B /* Carousel */;
			targetProxy = 89DEA7591C6A8B1800EF8A9B /* PBXContainerItemProxy */;
		};
/* End PBXTargetDependency section */

/* Begin PBXVariantGroup section */
		89DEA7401C6A8B1800EF8A9B /* Main.storyboard */ = {
			isa = PBXVariantGroup;
			children = (
				89DEA7411C6A8B1800EF8A9B /* Base */,
			);
			name = Main.storyboard;
			sourceTree = "<group>";
		};
		89DEA7451C6A8B1800EF8A9B /* LaunchScreen.storyboard */ = {
			isa = PBXVariantGroup;
			children = (
				89DEA7461C6A8B1800EF8A9B /* Base */,
			);
			name = LaunchScreen.storyboard;
			sourceTree = "<group>";
		};
/* End PBXVariantGroup section */

/* Begin XCBuildConfiguration section */
		89DEA75F1C6A8B1800EF8A9B /* Debug */ = {
			isa = XCBuildConfiguration;
			buildSettings = {
				ALWAYS_SEARCH_USER_PATHS = NO;
				CLANG_CXX_LANGUAGE_STANDARD = "gnu++0x";
				CLANG_CXX_LIBRARY = "libc++";
				CLANG_ENABLE_MODULES = YES;
				CLANG_ENABLE_OBJC_ARC = YES;
				CLANG_WARN_BOOL_CONVERSION = YES;
				CLANG_WARN_CONSTANT_CONVERSION = YES;
				CLANG_WARN_DIRECT_OBJC_ISA_USAGE = YES_ERROR;
				CLANG_WARN_EMPTY_BODY = YES;
				CLANG_WARN_ENUM_CONVERSION = YES;
				CLANG_WARN_INT_CONVERSION = YES;
				CLANG_WARN_OBJC_ROOT_CLASS = YES_ERROR;
				CLANG_WARN_UNREACHABLE_CODE = YES;
				CLANG_WARN__DUPLICATE_METHOD_MATCH = YES;
				"CODE_SIGN_IDENTITY[sdk=iphoneos*]" = "iPhone Developer";
				COPY_PHASE_STRIP = NO;
				DEBUG_INFORMATION_FORMAT = dwarf;
				ENABLE_STRICT_OBJC_MSGSEND = YES;
				ENABLE_TESTABILITY = YES;
				GCC_C_LANGUAGE_STANDARD = gnu99;
				GCC_DYNAMIC_NO_PIC = NO;
				GCC_NO_COMMON_BLOCKS = YES;
				GCC_OPTIMIZATION_LEVEL = 0;
				GCC_PREPROCESSOR_DEFINITIONS = (
					"DEBUG=1",
					"$(inherited)",
				);
				GCC_WARN_64_TO_32_BIT_CONVERSION = YES;
				GCC_WARN_ABOUT_RETURN_TYPE = YES_ERROR;
				GCC_WARN_UNDECLARED_SELECTOR = YES;
				GCC_WARN_UNINITIALIZED_AUTOS = YES_AGGRESSIVE;
				GCC_WARN_UNUSED_FUNCTION = YES;
				GCC_WARN_UNUSED_VARIABLE = YES;
				IPHONEOS_DEPLOYMENT_TARGET = 9.2;
				MTL_ENABLE_DEBUG_INFO = YES;
				ONLY_ACTIVE_ARCH = YES;
				SDKROOT = iphoneos;
				SWIFT_OPTIMIZATION_LEVEL = "-Onone";
			};
			name = Debug;
		};
		89DEA7601C6A8B1800EF8A9B /* Release */ = {
			isa = XCBuildConfiguration;
			buildSettings = {
				ALWAYS_SEARCH_USER_PATHS = NO;
				CLANG_CXX_LANGUAGE_STANDARD = "gnu++0x";
				CLANG_CXX_LIBRARY = "libc++";
				CLANG_ENABLE_MODULES = YES;
				CLANG_ENABLE_OBJC_ARC = YES;
				CLANG_WARN_BOOL_CONVERSION = YES;
				CLANG_WARN_CONSTANT_CONVERSION = YES;
				CLANG_WARN_DIRECT_OBJC_ISA_USAGE = YES_ERROR;
				CLANG_WARN_EMPTY_BODY = YES;
				CLANG_WARN_ENUM_CONVERSION = YES;
				CLANG_WARN_INT_CONVERSION = YES;
				CLANG_WARN_OBJC_ROOT_CLASS = YES_ERROR;
				CLANG_WARN_UNREACHABLE_CODE = YES;
				CLANG_WARN__DUPLICATE_METHOD_MATCH = YES;
				"CODE_SIGN_IDENTITY[sdk=iphoneos*]" = "iPhone Developer";
				COPY_PHASE_STRIP = NO;
				DEBUG_INFORMATION_FORMAT = "dwarf-with-dsym";
				ENABLE_NS_ASSERTIONS = NO;
				ENABLE_STRICT_OBJC_MSGSEND = YES;
				GCC_C_LANGUAGE_STANDARD = gnu99;
				GCC_NO_COMMON_BLOCKS = YES;
				GCC_WARN_64_TO_32_BIT_CONVERSION = YES;
				GCC_WARN_ABOUT_RETURN_TYPE = YES_ERROR;
				GCC_WARN_UNDECLARED_SELECTOR = YES;
				GCC_WARN_UNINITIALIZED_AUTOS = YES_AGGRESSIVE;
				GCC_WARN_UNUSED_FUNCTION = YES;
				GCC_WARN_UNUSED_VARIABLE = YES;
				IPHONEOS_DEPLOYMENT_TARGET = 9.2;
				MTL_ENABLE_DEBUG_INFO = NO;
				SDKROOT = iphoneos;
				VALIDATE_PRODUCT = YES;
			};
			name = Release;
		};
		89DEA7621C6A8B1800EF8A9B /* Debug */ = {
			isa = XCBuildConfiguration;
			buildSettings = {
				ASSETCATALOG_COMPILER_APPICON_NAME = AppIcon;
				INFOPLIST_FILE = Carousel/Info.plist;
				LD_RUNPATH_SEARCH_PATHS = "$(inherited) @executable_path/Frameworks";
				PRODUCT_BUNDLE_IDENTIFIER = twitter.Carousel;
				PRODUCT_NAME = "$(TARGET_NAME)";
			};
			name = Debug;
		};
		89DEA7631C6A8B1800EF8A9B /* Release */ = {
			isa = XCBuildConfiguration;
			buildSettings = {
				ASSETCATALOG_COMPILER_APPICON_NAME = AppIcon;
				INFOPLIST_FILE = Carousel/Info.plist;
				LD_RUNPATH_SEARCH_PATHS = "$(inherited) @executable_path/Frameworks";
				PRODUCT_BUNDLE_IDENTIFIER = twitter.Carousel;
				PRODUCT_NAME = "$(TARGET_NAME)";
			};
			name = Release;
		};
		89DEA7651C6A8B1800EF8A9B /* Debug */ = {
			isa = XCBuildConfiguration;
			buildSettings = {
				BUNDLE_LOADER = "$(TEST_HOST)";
				INFOPLIST_FILE = CarouselTests/Info.plist;
				LD_RUNPATH_SEARCH_PATHS = "$(inherited) @executable_path/Frameworks @loader_path/Frameworks";
				PRODUCT_BUNDLE_IDENTIFIER = twitter.CarouselTests;
				PRODUCT_NAME = "$(TARGET_NAME)";
				TEST_HOST = "$(BUILT_PRODUCTS_DIR)/Carousel.app/Carousel";
			};
			name = Debug;
		};
		89DEA7661C6A8B1800EF8A9B /* Release */ = {
			isa = XCBuildConfiguration;
			buildSettings = {
				BUNDLE_LOADER = "$(TEST_HOST)";
				INFOPLIST_FILE = CarouselTests/Info.plist;
				LD_RUNPATH_SEARCH_PATHS = "$(inherited) @executable_path/Frameworks @loader_path/Frameworks";
				PRODUCT_BUNDLE_IDENTIFIER = twitter.CarouselTests;
				PRODUCT_NAME = "$(TARGET_NAME)";
				TEST_HOST = "$(BUILT_PRODUCTS_DIR)/Carousel.app/Carousel";
			};
			name = Release;
		};
		89DEA7681C6A8B1800EF8A9B /* Debug */ = {
			isa = XCBuildConfiguration;
			buildSettings = {
				INFOPLIST_FILE = CarouselUITests/Info.plist;
				LD_RUNPATH_SEARCH_PATHS = "$(inherited) @executable_path/Frameworks @loader_path/Frameworks";
				PRODUCT_BUNDLE_IDENTIFIER = twitter.CarouselUITests;
				PRODUCT_NAME = "$(TARGET_NAME)";
				TEST_TARGET_NAME = Carousel;
				USES_XCTRUNNER = YES;
			};
			name = Debug;
		};
		89DEA7691C6A8B1800EF8A9B /* Release */ = {
			isa = XCBuildConfiguration;
			buildSettings = {
				INFOPLIST_FILE = CarouselUITests/Info.plist;
				LD_RUNPATH_SEARCH_PATHS = "$(inherited) @executable_path/Frameworks @loader_path/Frameworks";
				PRODUCT_BUNDLE_IDENTIFIER = twitter.CarouselUITests;
				PRODUCT_NAME = "$(TARGET_NAME)";
				TEST_TARGET_NAME = Carousel;
				USES_XCTRUNNER = YES;
			};
			name = Release;
		};
/* End XCBuildConfiguration section */

/* Begin XCConfigurationList section */
		89DEA7341C6A8B1800EF8A9B /* Build configuration list for PBXProject "Carousel" */ = {
			isa = XCConfigurationList;
			buildConfigurations = (
				89DEA75F1C6A8B1800EF8A9B /* Debug */,
				89DEA7601C6A8B1800EF8A9B /* Release */,
			);
			defaultConfigurationIsVisible = 0;
			defaultConfigurationName = Release;
		};
		89DEA7611C6A8B1800EF8A9B /* Build configuration list for PBXNativeTarget "Carousel" */ = {
			isa = XCConfigurationList;
			buildConfigurations = (
				89DEA7621C6A8B1800EF8A9B /* Debug */,
				89DEA7631C6A8B1800EF8A9B /* Release */,
			);
			defaultConfigurationIsVisible = 0;
			defaultConfigurationName = Release;
		};
		89DEA7641C6A8B1800EF8A9B /* Build configuration list for PBXNativeTarget "CarouselTests" */ = {
			isa = XCConfigurationList;
			buildConfigurations = (
				89DEA7651C6A8B1800EF8A9B /* Debug */,
				89DEA7661C6A8B1800EF8A9B /* Release */,
			);
			defaultConfigurationIsVisible = 0;
			defaultConfigurationName = Release;
		};
		89DEA7671C6A8B1800EF8A9B /* Build configuration list for PBXNativeTarget "CarouselUITests" */ = {
			isa = XCConfigurationList;
			buildConfigurations = (
				89DEA7681C6A8B1800EF8A9B /* Debug */,
				89DEA7691C6A8B1800EF8A9B /* Release */,
			);
			defaultConfigurationIsVisible = 0;
			defaultConfigurationName = Release;
		};
/* End XCConfigurationList section */
	};
	rootObject = 89DEA7311C6A8B1800EF8A9B /* Project object */;
}
